# This file is autogenerated, do not edit; changes may be undone by the next 'dep ensure'.


[[projects]]
  name = "github.com/Microsoft/go-winio"
  packages = ["."]
  revision = "67921128fb397dd80339870d2193d6b1e6856fd4"
  version = "v0.4.8"

[[projects]]
  name = "github.com/docker/distribution"
  packages = [
    "digest",
    "reference"
  ]
  revision = "48294d928ced5dd9b378f7fd7c6f5da3ff3f2c89"
  version = "v2.6.2"

[[projects]]
  name = "github.com/docker/docker"
  packages = [
    "api/types",
    "api/types/blkiodev",
    "api/types/container",
    "api/types/events",
    "api/types/filters",
    "api/types/mount",
    "api/types/network",
    "api/types/reference",
    "api/types/registry",
    "api/types/strslice",
    "api/types/swarm",
    "api/types/time",
    "api/types/versions",
    "api/types/volume",
    "client",
    "pkg/tlsconfig"
  ]
  revision = "092cba3727bb9b4a2f0e922cd6c0f93ea270e363"
  version = "v1.13.1"

[[projects]]
  name = "github.com/docker/go-connections"
  packages = [
    "nat",
    "sockets",
    "tlsconfig"
  ]
  revision = "3ede32e2033de7505e6500d6c868c2b9ed9f169d"
  version = "v0.3.0"

[[projects]]
  name = "github.com/docker/go-units"
  packages = ["."]
  revision = "47565b4f722fb6ceae66b95f853feed578a4a51c"
  version = "v0.3.3"

[[projects]]
  name = "github.com/fsnotify/fsnotify"
  packages = ["."]
  revision = "c2828203cd70a50dcccfb2761f8b1f8ceef9a8e9"
  version = "v1.4.7"

[[projects]]
  name = "github.com/gogo/protobuf"
  packages = [
    "gogoproto",
    "proto",
    "protoc-gen-gogo/descriptor",
    "sortkeys"
  ]
  revision = "1adfc126b41513cc696b209667c8656ea7aac67c"
  version = "v1.0.0"

[[projects]]
  branch = "master"
  name = "github.com/golang/glog"
  packages = ["."]
  revision = "23def4e6c14b4da8ac2ed8007337bc5eb5007998"

[[projects]]
  name = "github.com/golang/protobuf"
  packages = [
    "proto",
    "ptypes",
    "ptypes/any",
    "ptypes/duration",
    "ptypes/timestamp"
  ]
  revision = "b4deda0973fb4c70b50d226b1af49f3da59f5265"
  version = "v1.1.0"

[[projects]]
  branch = "master"
  name = "github.com/kubevirt/device-plugin-manager"
  packages = ["pkg/dpm"]
  revision = "a2dafa739e0340c49d0fdcc2aa80dfa68edcea0f"

[[projects]]
  name = "github.com/pkg/errors"
  packages = ["."]
  revision = "645ef00459ed84a119197bfb8d8205042c6df63d"
  version = "v0.8.0"

[[projects]]
  name = "github.com/vishvananda/netlink"
  packages = [
    ".",
    "nl"
  ]
  revision = "a2ad57a690f3caf3015351d2d6e1c0b95c349752"
  version = "v1.0.0"

[[projects]]
  branch = "master"
  name = "github.com/vishvananda/netns"
  packages = ["."]
  revision = "be1fbeda19366dea804f00efff2dd73a1642fdcc"

[[projects]]
  branch = "master"
  name = "golang.org/x/net"
  packages = [
    "context",
    "context/ctxhttp",
    "http/httpguts",
    "http2",
    "http2/hpack",
    "idna",
    "internal/socks",
    "internal/timeseries",
    "proxy",
    "trace"
  ]
  revision = "32a936f46389aa10549d60bd7833e54b01685d09"

[[projects]]
  branch = "master"
  name = "golang.org/x/sys"
  packages = [
    "unix",
    "windows"
  ]
  revision = "3c6ecd8f22c6f40fbeec94c000a069d7d87c7624"

[[projects]]
  name = "golang.org/x/text"
  packages = [
    "collate",
    "collate/build",
    "internal/colltab",
    "internal/gen",
    "internal/tag",
    "internal/triegen",
    "internal/ucd",
    "language",
    "secure/bidirule",
    "transform",
    "unicode/bidi",
    "unicode/cldr",
    "unicode/norm",
    "unicode/rangetable"
  ]
  revision = "f21a4dfb5e38f5895301dc265a8def02365cc3d0"
  version = "v0.3.0"

[[projects]]
  branch = "master"
  name = "google.golang.org/genproto"
  packages = ["googleapis/rpc/status"]
  revision = "8b2cc369ab52e0003a878865c9372afdd6ca5c5a"

[[projects]]
  name = "google.golang.org/grpc"
  packages = [
    ".",
    "balancer",
    "balancer/base",
    "balancer/roundrobin",
    "codes",
    "connectivity",
    "credentials",
    "encoding",
    "encoding/proto",
    "grpclog",
    "internal",
    "internal/backoff",
    "internal/channelz",
    "internal/grpcrand",
    "keepalive",
    "metadata",
    "naming",
    "peer",
    "resolver",
    "resolver/dns",
    "resolver/passthrough",
    "stats",
    "status",
    "tap",
    "transport"
  ]
  revision = "168a6198bcb0ef175f7dacec0b8691fc141dc9b8"
  version = "v1.13.0"

[[projects]]
  name = "k8s.io/kubernetes"
  packages = ["pkg/kubelet/apis/deviceplugin/v1beta1"]
  revision = "5ca598b4ba5abb89bb773071ce452e33fb66339d"
  version = "v1.10.4"

[solve-meta]
  analyzer-name = "dep"
  analyzer-version = 1
  inputs-digest = "98a852627f6b61a937b86256440d2be6a200c18fce341a10232565cda36c4f99"
  solver-name = "gps-cdcl"
  solver-version = 1
